// !$*UTF8*$!
{
	archiveVersion = 1;
	classes = {
	};
	objectVersion = 55;
	objects = {

/* Begin PBXBuildFile section */
		1D1BD14E28B796CE00AD9BC0 /* SnapKit in Frameworks */ = {isa = PBXBuildFile; productRef = 1D1BD14D28B796CE00AD9BC0 /* SnapKit */; };
		1D1BD15728B7979F00AD9BC0 /* RecipeCardCell.swift in Sources */ = {isa = PBXBuildFile; fileRef = 1D1BD15528B7979F00AD9BC0 /* RecipeCardCell.swift */; };
		1D1BD15828B7979F00AD9BC0 /* RecipeCardCell.xib in Resources */ = {isa = PBXBuildFile; fileRef = 1D1BD15628B7979F00AD9BC0 /* RecipeCardCell.xib */; };
		1D1BD15B28B79B0900AD9BC0 /* Kingfisher in Frameworks */ = {isa = PBXBuildFile; productRef = 1D1BD15A28B79B0900AD9BC0 /* Kingfisher */; };
		1D48EF2D28B64FD600BD436A /* AppDelegate.swift in Sources */ = {isa = PBXBuildFile; fileRef = 1D48EF2C28B64FD600BD436A /* AppDelegate.swift */; };
		1D48EF3628B64FD900BD436A /* Assets.xcassets in Resources */ = {isa = PBXBuildFile; fileRef = 1D48EF3528B64FD900BD436A /* Assets.xcassets */; };
		1D48EF4328B6509F00BD436A /* RecipesView.swift in Sources */ = {isa = PBXBuildFile; fileRef = 1D48EF4228B6509F00BD436A /* RecipesView.swift */; };
		1D572DBA28B6D29400A36E2F /* RecipesView.xib in Resources */ = {isa = PBXBuildFile; fileRef = 1D572DB928B6D29400A36E2F /* RecipesView.xib */; };
		1D7E68E528B80632008A949E /* Alamofire in Frameworks */ = {isa = PBXBuildFile; productRef = 1D7E68E428B80632008A949E /* Alamofire */; };
		1D7E68E928B807D5008A949E /* URLRequestBuilder.swift in Sources */ = {isa = PBXBuildFile; fileRef = 1D7E68E828B807D5008A949E /* URLRequestBuilder.swift */; };
		1D7E68EB28B808B7008A949E /* NetworkService.swift in Sources */ = {isa = PBXBuildFile; fileRef = 1D7E68EA28B808B7008A949E /* NetworkService.swift */; };
		1D7E68EE28B834B6008A949E /* SearchRecipesAPI.swift in Sources */ = {isa = PBXBuildFile; fileRef = 1D7E68ED28B834B6008A949E /* SearchRecipesAPI.swift */; };
		1D7E68F028B836FF008A949E /* SearchRecipesNetworking.swift in Sources */ = {isa = PBXBuildFile; fileRef = 1D7E68EF28B836FF008A949E /* SearchRecipesNetworking.swift */; };
		1D7E68F428B83F7A008A949E /* BaseResponse.swift in Sources */ = {isa = PBXBuildFile; fileRef = 1D7E68F328B83F7A008A949E /* BaseResponse.swift */; };
		1D7E68F828B843E9008A949E /* RecipesModel.swift in Sources */ = {isa = PBXBuildFile; fileRef = 1D7E68F728B843E9008A949E /* RecipesModel.swift */; };
		1DA2951428B8F3820079AC94 /* AppAuthKeys.swift in Sources */ = {isa = PBXBuildFile; fileRef = 1DA2951328B8F3820079AC94 /* AppAuthKeys.swift */; };
		1DB4172528B7A2A800C19711 /* RecipeCellViewModel.swift in Sources */ = {isa = PBXBuildFile; fileRef = 1DB4172428B7A2A800C19711 /* RecipeCellViewModel.swift */; };
		1DE8F5B428B654BA00C8FBBE /* ViewCodeConfiguration.swift in Sources */ = {isa = PBXBuildFile; fileRef = 1DE8F5B028B654BA00C8FBBE /* ViewCodeConfiguration.swift */; };
		1DE8F5B528B654BA00C8FBBE /* NibLoadingView.swift in Sources */ = {isa = PBXBuildFile; fileRef = 1DE8F5B228B654BA00C8FBBE /* NibLoadingView.swift */; };
		1DE8F5B628B654BA00C8FBBE /* BaseViewController.swift in Sources */ = {isa = PBXBuildFile; fileRef = 1DE8F5B328B654BA00C8FBBE /* BaseViewController.swift */; };
		1DE8F5BC28B655DB00C8FBBE /* RecipeCell.swift in Sources */ = {isa = PBXBuildFile; fileRef = 1DE8F5BB28B655DB00C8FBBE /* RecipeCell.swift */; };
		1DE8F5C828B65B9000C8FBBE /* UIImageView+Extension.swift in Sources */ = {isa = PBXBuildFile; fileRef = 1DE8F5BE28B65B9000C8FBBE /* UIImageView+Extension.swift */; };
		1DE8F5C928B65B9000C8FBBE /* UIViewController+Extensions.swift in Sources */ = {isa = PBXBuildFile; fileRef = 1DE8F5BF28B65B9000C8FBBE /* UIViewController+Extensions.swift */; };
		1DE8F5CA28B65B9000C8FBBE /* UIColor+Extension.swift in Sources */ = {isa = PBXBuildFile; fileRef = 1DE8F5C028B65B9000C8FBBE /* UIColor+Extension.swift */; };
		1DE8F5CB28B65B9000C8FBBE /* UIView+Extensions.swift in Sources */ = {isa = PBXBuildFile; fileRef = 1DE8F5C128B65B9000C8FBBE /* UIView+Extensions.swift */; };
		1DE8F5CC28B65B9000C8FBBE /* UIButton+Extension.swift in Sources */ = {isa = PBXBuildFile; fileRef = 1DE8F5C228B65B9000C8FBBE /* UIButton+Extension.swift */; };
		1DE8F5CD28B65B9000C8FBBE /* UINavigationController+Extensions.swift in Sources */ = {isa = PBXBuildFile; fileRef = 1DE8F5C328B65B9000C8FBBE /* UINavigationController+Extensions.swift */; };
		1DE8F5CE28B65B9000C8FBBE /* UIBarButtonItem+Extensions.swift in Sources */ = {isa = PBXBuildFile; fileRef = 1DE8F5C428B65B9000C8FBBE /* UIBarButtonItem+Extensions.swift */; };
		1DE8F5CF28B65B9000C8FBBE /* UIScrollView+Extension.swift in Sources */ = {isa = PBXBuildFile; fileRef = 1DE8F5C528B65B9000C8FBBE /* UIScrollView+Extension.swift */; };
		1DE8F5D028B65B9000C8FBBE /* UILabel+Extensions.swift in Sources */ = {isa = PBXBuildFile; fileRef = 1DE8F5C628B65B9000C8FBBE /* UILabel+Extensions.swift */; };
		1DE8F5D128B65B9000C8FBBE /* UICollectionView+Extensions.swift in Sources */ = {isa = PBXBuildFile; fileRef = 1DE8F5C728B65B9000C8FBBE /* UICollectionView+Extensions.swift */; };
		1DE8F5D528B67B9C00C8FBBE /* Lottie in Frameworks */ = {isa = PBXBuildFile; productRef = 1DE8F5D428B67B9C00C8FBBE /* Lottie */; };
		1DE8F5D728B67CF100C8FBBE /* SplashView.swift in Sources */ = {isa = PBXBuildFile; fileRef = 1DE8F5D628B67CF100C8FBBE /* SplashView.swift */; };
		1DE8F5DA28B67DE100C8FBBE /* food.json in Resources */ = {isa = PBXBuildFile; fileRef = 1DE8F5D928B67DE100C8FBBE /* food.json */; };
		1DE8F5DD28B6842400C8FBBE /* Colors.xcassets in Resources */ = {isa = PBXBuildFile; fileRef = 1DE8F5DC28B6842400C8FBBE /* Colors.xcassets */; };
		1DE8F5E128B684A600C8FBBE /* RecipesPresenter.swift in Sources */ = {isa = PBXBuildFile; fileRef = 1DE8F5E028B684A600C8FBBE /* RecipesPresenter.swift */; };
		1DE8F5E328B684F200C8FBBE /* SearchRecipesInteractor.swift in Sources */ = {isa = PBXBuildFile; fileRef = 1DE8F5E228B684F200C8FBBE /* SearchRecipesInteractor.swift */; };
/* End PBXBuildFile section */

/* Begin PBXFileReference section */
		1D1BD15528B7979F00AD9BC0 /* RecipeCardCell.swift */ = {isa = PBXFileReference; lastKnownFileType = sourcecode.swift; path = RecipeCardCell.swift; sourceTree = "<group>"; };
		1D1BD15628B7979F00AD9BC0 /* RecipeCardCell.xib */ = {isa = PBXFileReference; lastKnownFileType = file.xib; path = RecipeCardCell.xib; sourceTree = "<group>"; };
		1D48EF2928B64FD600BD436A /* RecipesAssignment.app */ = {isa = PBXFileReference; explicitFileType = wrapper.application; includeInIndex = 0; path = RecipesAssignment.app; sourceTree = BUILT_PRODUCTS_DIR; };
		1D48EF2C28B64FD600BD436A /* AppDelegate.swift */ = {isa = PBXFileReference; lastKnownFileType = sourcecode.swift; path = AppDelegate.swift; sourceTree = "<group>"; };
		1D48EF3528B64FD900BD436A /* Assets.xcassets */ = {isa = PBXFileReference; lastKnownFileType = folder.assetcatalog; path = Assets.xcassets; sourceTree = "<group>"; };
		1D48EF3A28B64FD900BD436A /* Info.plist */ = {isa = PBXFileReference; lastKnownFileType = text.plist.xml; path = Info.plist; sourceTree = "<group>"; };
		1D48EF4228B6509F00BD436A /* RecipesView.swift */ = {isa = PBXFileReference; lastKnownFileType = sourcecode.swift; path = RecipesView.swift; sourceTree = "<group>"; };
		1D572DB928B6D29400A36E2F /* RecipesView.xib */ = {isa = PBXFileReference; lastKnownFileType = file.xib; path = RecipesView.xib; sourceTree = "<group>"; };
		1D7E68E828B807D5008A949E /* URLRequestBuilder.swift */ = {isa = PBXFileReference; lastKnownFileType = sourcecode.swift; path = URLRequestBuilder.swift; sourceTree = "<group>"; };
		1D7E68EA28B808B7008A949E /* NetworkService.swift */ = {isa = PBXFileReference; lastKnownFileType = sourcecode.swift; path = NetworkService.swift; sourceTree = "<group>"; };
		1D7E68ED28B834B6008A949E /* SearchRecipesAPI.swift */ = {isa = PBXFileReference; lastKnownFileType = sourcecode.swift; path = SearchRecipesAPI.swift; sourceTree = "<group>"; };
		1D7E68EF28B836FF008A949E /* SearchRecipesNetworking.swift */ = {isa = PBXFileReference; lastKnownFileType = sourcecode.swift; path = SearchRecipesNetworking.swift; sourceTree = "<group>"; };
		1D7E68F328B83F7A008A949E /* BaseResponse.swift */ = {isa = PBXFileReference; lastKnownFileType = sourcecode.swift; path = BaseResponse.swift; sourceTree = "<group>"; };
		1D7E68F728B843E9008A949E /* RecipesModel.swift */ = {isa = PBXFileReference; lastKnownFileType = sourcecode.swift; path = RecipesModel.swift; sourceTree = "<group>"; };
		1DA2951328B8F3820079AC94 /* AppAuthKeys.swift */ = {isa = PBXFileReference; lastKnownFileType = sourcecode.swift; path = AppAuthKeys.swift; sourceTree = "<group>"; };
		1DB4172428B7A2A800C19711 /* RecipeCellViewModel.swift */ = {isa = PBXFileReference; lastKnownFileType = sourcecode.swift; path = RecipeCellViewModel.swift; sourceTree = "<group>"; };
		1DE8F5B028B654BA00C8FBBE /* ViewCodeConfiguration.swift */ = {isa = PBXFileReference; fileEncoding = 4; lastKnownFileType = sourcecode.swift; path = ViewCodeConfiguration.swift; sourceTree = "<group>"; };
		1DE8F5B228B654BA00C8FBBE /* NibLoadingView.swift */ = {isa = PBXFileReference; fileEncoding = 4; lastKnownFileType = sourcecode.swift; path = NibLoadingView.swift; sourceTree = "<group>"; };
		1DE8F5B328B654BA00C8FBBE /* BaseViewController.swift */ = {isa = PBXFileReference; fileEncoding = 4; lastKnownFileType = sourcecode.swift; path = BaseViewController.swift; sourceTree = "<group>"; };
		1DE8F5BB28B655DB00C8FBBE /* RecipeCell.swift */ = {isa = PBXFileReference; lastKnownFileType = sourcecode.swift; path = RecipeCell.swift; sourceTree = "<group>"; };
		1DE8F5BE28B65B9000C8FBBE /* UIImageView+Extension.swift */ = {isa = PBXFileReference; fileEncoding = 4; lastKnownFileType = sourcecode.swift; path = "UIImageView+Extension.swift"; sourceTree = "<group>"; };
		1DE8F5BF28B65B9000C8FBBE /* UIViewController+Extensions.swift */ = {isa = PBXFileReference; fileEncoding = 4; lastKnownFileType = sourcecode.swift; path = "UIViewController+Extensions.swift"; sourceTree = "<group>"; };
		1DE8F5C028B65B9000C8FBBE /* UIColor+Extension.swift */ = {isa = PBXFileReference; fileEncoding = 4; lastKnownFileType = sourcecode.swift; path = "UIColor+Extension.swift"; sourceTree = "<group>"; };
		1DE8F5C128B65B9000C8FBBE /* UIView+Extensions.swift */ = {isa = PBXFileReference; fileEncoding = 4; lastKnownFileType = sourcecode.swift; path = "UIView+Extensions.swift"; sourceTree = "<group>"; };
		1DE8F5C228B65B9000C8FBBE /* UIButton+Extension.swift */ = {isa = PBXFileReference; fileEncoding = 4; lastKnownFileType = sourcecode.swift; path = "UIButton+Extension.swift"; sourceTree = "<group>"; };
		1DE8F5C328B65B9000C8FBBE /* UINavigationController+Extensions.swift */ = {isa = PBXFileReference; fileEncoding = 4; lastKnownFileType = sourcecode.swift; path = "UINavigationController+Extensions.swift"; sourceTree = "<group>"; };
		1DE8F5C428B65B9000C8FBBE /* UIBarButtonItem+Extensions.swift */ = {isa = PBXFileReference; fileEncoding = 4; lastKnownFileType = sourcecode.swift; path = "UIBarButtonItem+Extensions.swift"; sourceTree = "<group>"; };
		1DE8F5C528B65B9000C8FBBE /* UIScrollView+Extension.swift */ = {isa = PBXFileReference; fileEncoding = 4; lastKnownFileType = sourcecode.swift; path = "UIScrollView+Extension.swift"; sourceTree = "<group>"; };
		1DE8F5C628B65B9000C8FBBE /* UILabel+Extensions.swift */ = {isa = PBXFileReference; fileEncoding = 4; lastKnownFileType = sourcecode.swift; path = "UILabel+Extensions.swift"; sourceTree = "<group>"; };
		1DE8F5C728B65B9000C8FBBE /* UICollectionView+Extensions.swift */ = {isa = PBXFileReference; fileEncoding = 4; lastKnownFileType = sourcecode.swift; path = "UICollectionView+Extensions.swift"; sourceTree = "<group>"; };
		1DE8F5D628B67CF100C8FBBE /* SplashView.swift */ = {isa = PBXFileReference; lastKnownFileType = sourcecode.swift; path = SplashView.swift; sourceTree = "<group>"; };
		1DE8F5D928B67DE100C8FBBE /* food.json */ = {isa = PBXFileReference; fileEncoding = 4; lastKnownFileType = text.json; path = food.json; sourceTree = "<group>"; };
		1DE8F5DC28B6842400C8FBBE /* Colors.xcassets */ = {isa = PBXFileReference; lastKnownFileType = folder.assetcatalog; path = Colors.xcassets; sourceTree = "<group>"; };
		1DE8F5E028B684A600C8FBBE /* RecipesPresenter.swift */ = {isa = PBXFileReference; lastKnownFileType = sourcecode.swift; path = RecipesPresenter.swift; sourceTree = "<group>"; };
		1DE8F5E228B684F200C8FBBE /* SearchRecipesInteractor.swift */ = {isa = PBXFileReference; lastKnownFileType = sourcecode.swift; path = SearchRecipesInteractor.swift; sourceTree = "<group>"; };
/* End PBXFileReference section */

/* Begin PBXFrameworksBuildPhase section */
		1D48EF2628B64FD600BD436A /* Frameworks */ = {
			isa = PBXFrameworksBuildPhase;
			buildActionMask = 2147483647;
			files = (
				1D1BD15B28B79B0900AD9BC0 /* Kingfisher in Frameworks */,
				1D7E68E528B80632008A949E /* Alamofire in Frameworks */,
				1DE8F5D528B67B9C00C8FBBE /* Lottie in Frameworks */,
				1D1BD14E28B796CE00AD9BC0 /* SnapKit in Frameworks */,
			);
			runOnlyForDeploymentPostprocessing = 0;
		};
/* End PBXFrameworksBuildPhase section */

/* Begin PBXGroup section */
		1D1BD14C28B796CE00AD9BC0 /* Frameworks */ = {
			isa = PBXGroup;
			children = (
			);
			name = Frameworks;
			sourceTree = "<group>";
		};
		1D48EF2028B64FD600BD436A = {
			isa = PBXGroup;
			children = (
				1D48EF2B28B64FD600BD436A /* RecipesAssignment */,
				1D48EF2A28B64FD600BD436A /* Products */,
				1D1BD14C28B796CE00AD9BC0 /* Frameworks */,
			);
			sourceTree = "<group>";
		};
		1D48EF2A28B64FD600BD436A /* Products */ = {
			isa = PBXGroup;
			children = (
				1D48EF2928B64FD600BD436A /* RecipesAssignment.app */,
			);
			name = Products;
			sourceTree = "<group>";
		};
		1D48EF2B28B64FD600BD436A /* RecipesAssignment */ = {
			isa = PBXGroup;
			children = (
				1D7E68F128B83F55008A949E /* Model */,
				1D48EF4128B6505D00BD436A /* App */,
				1D7E68E628B8073E008A949E /* Services */,
				1DE8F5BD28B65B9000C8FBBE /* Extensions */,
				1DE8F5AF28B654BA00C8FBBE /* Core */,
				1D48EF4428B6510100BD436A /* Resources */,
				1D48EF4028B6502E00BD436A /* Scenes */,
				1D48EF3A28B64FD900BD436A /* Info.plist */,
			);
			path = RecipesAssignment;
			sourceTree = "<group>";
		};
		1D48EF4028B6502E00BD436A /* Scenes */ = {
			isa = PBXGroup;
			children = (
				1DE8F5D228B67A7100C8FBBE /* Splash */,
				1DE8F5B728B6558900C8FBBE /* Recipes Home */,
			);
			path = Scenes;
			sourceTree = "<group>";
		};
		1D48EF4128B6505D00BD436A /* App */ = {
			isa = PBXGroup;
			children = (
				1D48EF2C28B64FD600BD436A /* AppDelegate.swift */,
			);
			path = App;
			sourceTree = "<group>";
		};
		1D48EF4428B6510100BD436A /* Resources */ = {
			isa = PBXGroup;
			children = (
				1DE8F5DB28B6841000C8FBBE /* Assets */,
				1DE8F5D828B67DE100C8FBBE /* Lottie */,
			);
			path = Resources;
			sourceTree = "<group>";
		};
		1D7E68E628B8073E008A949E /* Services */ = {
			isa = PBXGroup;
			children = (
				1D7E68EC28B83491008A949E /* Search Recipes  */,
				1D7E68E728B80749008A949E /* Base */,
			);
			path = Services;
			sourceTree = "<group>";
		};
		1D7E68E728B80749008A949E /* Base */ = {
			isa = PBXGroup;
			children = (
				1D7E68E828B807D5008A949E /* URLRequestBuilder.swift */,
				1D7E68EA28B808B7008A949E /* NetworkService.swift */,
				1DA2951328B8F3820079AC94 /* AppAuthKeys.swift */,
			);
			path = Base;
			sourceTree = "<group>";
		};
		1D7E68EC28B83491008A949E /* Search Recipes  */ = {
			isa = PBXGroup;
			children = (
				1D7E68ED28B834B6008A949E /* SearchRecipesAPI.swift */,
				1D7E68EF28B836FF008A949E /* SearchRecipesNetworking.swift */,
			);
			path = "Search Recipes ";
			sourceTree = "<group>";
		};
		1D7E68F128B83F55008A949E /* Model */ = {
			isa = PBXGroup;
			children = (
				1D7E68F328B83F7A008A949E /* BaseResponse.swift */,
				1D7E68F728B843E9008A949E /* RecipesModel.swift */,
			);
			path = Model;
			sourceTree = "<group>";
		};
		1DB4172328B7A27100C19711 /* Model */ = {
			isa = PBXGroup;
			children = (
				1DB4172428B7A2A800C19711 /* RecipeCellViewModel.swift */,
			);
			path = Model;
			sourceTree = "<group>";
		};
		1DE8F5AF28B654BA00C8FBBE /* Core */ = {
			isa = PBXGroup;
			children = (
				1DE8F5B028B654BA00C8FBBE /* ViewCodeConfiguration.swift */,
				1DE8F5B128B654BA00C8FBBE /* BaseUI */,
			);
			path = Core;
			sourceTree = "<group>";
		};
		1DE8F5B128B654BA00C8FBBE /* BaseUI */ = {
			isa = PBXGroup;
			children = (
				1DE8F5B228B654BA00C8FBBE /* NibLoadingView.swift */,
				1DE8F5B328B654BA00C8FBBE /* BaseViewController.swift */,
			);
			path = BaseUI;
			sourceTree = "<group>";
		};
		1DE8F5B728B6558900C8FBBE /* Recipes Home */ = {
			isa = PBXGroup;
			children = (
				1DB4172328B7A27100C19711 /* Model */,
				1DE8F5DF28B6848000C8FBBE /* Interactor */,
				1DE8F5DE28B6847500C8FBBE /* Presenter */,
				1DE8F5B828B6559900C8FBBE /* View */,
			);
			path = "Recipes Home";
			sourceTree = "<group>";
		};
		1DE8F5B828B6559900C8FBBE /* View */ = {
			isa = PBXGroup;
			children = (
				1DE8F5B928B655A300C8FBBE /* Main */,
				1DE8F5BA28B655B300C8FBBE /* Supporting Views */,
			);
			path = View;
			sourceTree = "<group>";
		};
		1DE8F5B928B655A300C8FBBE /* Main */ = {
			isa = PBXGroup;
			children = (
				1D48EF4228B6509F00BD436A /* RecipesView.swift */,
				1D572DB928B6D29400A36E2F /* RecipesView.xib */,
			);
			path = Main;
			sourceTree = "<group>";
		};
		1DE8F5BA28B655B300C8FBBE /* Supporting Views */ = {
			isa = PBXGroup;
			children = (
				1DE8F5BB28B655DB00C8FBBE /* RecipeCell.swift */,
				1D1BD15528B7979F00AD9BC0 /* RecipeCardCell.swift */,
				1D1BD15628B7979F00AD9BC0 /* RecipeCardCell.xib */,
			);
			path = "Supporting Views";
			sourceTree = "<group>";
		};
		1DE8F5BD28B65B9000C8FBBE /* Extensions */ = {
			isa = PBXGroup;
			children = (
				1DE8F5BE28B65B9000C8FBBE /* UIImageView+Extension.swift */,
				1DE8F5BF28B65B9000C8FBBE /* UIViewController+Extensions.swift */,
				1DE8F5C028B65B9000C8FBBE /* UIColor+Extension.swift */,
				1DE8F5C128B65B9000C8FBBE /* UIView+Extensions.swift */,
				1DE8F5C228B65B9000C8FBBE /* UIButton+Extension.swift */,
				1DE8F5C328B65B9000C8FBBE /* UINavigationController+Extensions.swift */,
				1DE8F5C428B65B9000C8FBBE /* UIBarButtonItem+Extensions.swift */,
				1DE8F5C528B65B9000C8FBBE /* UIScrollView+Extension.swift */,
				1DE8F5C628B65B9000C8FBBE /* UILabel+Extensions.swift */,
				1DE8F5C728B65B9000C8FBBE /* UICollectionView+Extensions.swift */,
			);
			path = Extensions;
			sourceTree = "<group>";
		};
		1DE8F5D228B67A7100C8FBBE /* Splash */ = {
			isa = PBXGroup;
			children = (
				1DE8F5D628B67CF100C8FBBE /* SplashView.swift */,
			);
			path = Splash;
			sourceTree = "<group>";
		};
		1DE8F5D828B67DE100C8FBBE /* Lottie */ = {
			isa = PBXGroup;
			children = (
				1DE8F5D928B67DE100C8FBBE /* food.json */,
			);
			path = Lottie;
			sourceTree = "<group>";
		};
		1DE8F5DB28B6841000C8FBBE /* Assets */ = {
			isa = PBXGroup;
			children = (
				1D48EF3528B64FD900BD436A /* Assets.xcassets */,
				1DE8F5DC28B6842400C8FBBE /* Colors.xcassets */,
			);
			path = Assets;
			sourceTree = "<group>";
		};
		1DE8F5DE28B6847500C8FBBE /* Presenter */ = {
			isa = PBXGroup;
			children = (
				1DE8F5E028B684A600C8FBBE /* RecipesPresenter.swift */,
			);
			path = Presenter;
			sourceTree = "<group>";
		};
		1DE8F5DF28B6848000C8FBBE /* Interactor */ = {
			isa = PBXGroup;
			children = (
				1DE8F5E228B684F200C8FBBE /* SearchRecipesInteractor.swift */,
			);
			path = Interactor;
			sourceTree = "<group>";
		};
/* End PBXGroup section */

/* Begin PBXNativeTarget section */
		1D48EF2828B64FD600BD436A /* RecipesAssignment */ = {
			isa = PBXNativeTarget;
			buildConfigurationList = 1D48EF3D28B64FD900BD436A /* Build configuration list for PBXNativeTarget "RecipesAssignment" */;
			buildPhases = (
				1D48EF2528B64FD600BD436A /* Sources */,
				1D48EF2628B64FD600BD436A /* Frameworks */,
				1D48EF2728B64FD600BD436A /* Resources */,
			);
			buildRules = (
			);
			dependencies = (
			);
			name = RecipesAssignment;
			packageProductDependencies = (
				1DE8F5D428B67B9C00C8FBBE /* Lottie */,
				1D1BD14D28B796CE00AD9BC0 /* SnapKit */,
				1D1BD15A28B79B0900AD9BC0 /* Kingfisher */,
				1D7E68E428B80632008A949E /* Alamofire */,
			);
			productName = RecipesAssignment;
			productReference = 1D48EF2928B64FD600BD436A /* RecipesAssignment.app */;
			productType = "com.apple.product-type.application";
		};
/* End PBXNativeTarget section */

/* Begin PBXProject section */
		1D48EF2128B64FD600BD436A /* Project object */ = {
			isa = PBXProject;
			attributes = {
				BuildIndependentTargetsInParallel = 1;
				LastSwiftUpdateCheck = 1330;
				LastUpgradeCheck = 1330;
				TargetAttributes = {
					1D48EF2828B64FD600BD436A = {
						CreatedOnToolsVersion = 13.3;
					};
				};
			};
			buildConfigurationList = 1D48EF2428B64FD600BD436A /* Build configuration list for PBXProject "RecipesAssignment" */;
			compatibilityVersion = "Xcode 13.0";
			developmentRegion = en;
			hasScannedForEncodings = 0;
			knownRegions = (
				en,
				Base,
			);
			mainGroup = 1D48EF2028B64FD600BD436A;
			packageReferences = (
				1DAEFC8228B6526D00FDF3F3 /* XCRemoteSwiftPackageReference "SnapKit" */,
				1DE8F5D328B67B9C00C8FBBE /* XCRemoteSwiftPackageReference "lottie-ios" */,
				1D1BD15928B79B0900AD9BC0 /* XCRemoteSwiftPackageReference "Kingfisher" */,
				1D7E68E328B80632008A949E /* XCRemoteSwiftPackageReference "Alamofire" */,
			);
			productRefGroup = 1D48EF2A28B64FD600BD436A /* Products */;
			projectDirPath = "";
			projectRoot = "";
			targets = (
				1D48EF2828B64FD600BD436A /* RecipesAssignment */,
			);
		};
/* End PBXProject section */

/* Begin PBXResourcesBuildPhase section */
		1D48EF2728B64FD600BD436A /* Resources */ = {
			isa = PBXResourcesBuildPhase;
			buildActionMask = 2147483647;
			files = (
				1DE8F5DD28B6842400C8FBBE /* Colors.xcassets in Resources */,
				1DE8F5DA28B67DE100C8FBBE /* food.json in Resources */,
				1D572DBA28B6D29400A36E2F /* RecipesView.xib in Resources */,
				1D48EF3628B64FD900BD436A /* Assets.xcassets in Resources */,
				1D1BD15828B7979F00AD9BC0 /* RecipeCardCell.xib in Resources */,
			);
			runOnlyForDeploymentPostprocessing = 0;
		};
/* End PBXResourcesBuildPhase section */

/* Begin PBXSourcesBuildPhase section */
		1D48EF2528B64FD600BD436A /* Sources */ = {
			isa = PBXSourcesBuildPhase;
			buildActionMask = 2147483647;
			files = (
				1D7E68F828B843E9008A949E /* RecipesModel.swift in Sources */,
				1DE8F5B628B654BA00C8FBBE /* BaseViewController.swift in Sources */,
				1DE8F5B428B654BA00C8FBBE /* ViewCodeConfiguration.swift in Sources */,
				1D7E68EB28B808B7008A949E /* NetworkService.swift in Sources */,
				1DE8F5D728B67CF100C8FBBE /* SplashView.swift in Sources */,
				1DE8F5CB28B65B9000C8FBBE /* UIView+Extensions.swift in Sources */,
				1DE8F5CC28B65B9000C8FBBE /* UIButton+Extension.swift in Sources */,
				1DE8F5D128B65B9000C8FBBE /* UICollectionView+Extensions.swift in Sources */,
				1DE8F5E128B684A600C8FBBE /* RecipesPresenter.swift in Sources */,
				1DE8F5C828B65B9000C8FBBE /* UIImageView+Extension.swift in Sources */,
				1DE8F5CA28B65B9000C8FBBE /* UIColor+Extension.swift in Sources */,
				1DE8F5D028B65B9000C8FBBE /* UILabel+Extensions.swift in Sources */,
				1DE8F5B528B654BA00C8FBBE /* NibLoadingView.swift in Sources */,
				1D7E68E928B807D5008A949E /* URLRequestBuilder.swift in Sources */,
				1DB4172528B7A2A800C19711 /* RecipeCellViewModel.swift in Sources */,
				1DE8F5CF28B65B9000C8FBBE /* UIScrollView+Extension.swift in Sources */,
				1DE8F5CE28B65B9000C8FBBE /* UIBarButtonItem+Extensions.swift in Sources */,
				1D1BD15728B7979F00AD9BC0 /* RecipeCardCell.swift in Sources */,
				1DE8F5E328B684F200C8FBBE /* SearchRecipesInteractor.swift in Sources */,
				1DA2951428B8F3820079AC94 /* AppAuthKeys.swift in Sources */,
				1D7E68F028B836FF008A949E /* SearchRecipesNetworking.swift in Sources */,
				1DE8F5CD28B65B9000C8FBBE /* UINavigationController+Extensions.swift in Sources */,
				1DE8F5C928B65B9000C8FBBE /* UIViewController+Extensions.swift in Sources */,
				1D7E68EE28B834B6008A949E /* SearchRecipesAPI.swift in Sources */,
				1DE8F5BC28B655DB00C8FBBE /* RecipeCell.swift in Sources */,
				1D48EF4328B6509F00BD436A /* RecipesView.swift in Sources */,
				1D48EF2D28B64FD600BD436A /* AppDelegate.swift in Sources */,
				1D7E68F428B83F7A008A949E /* BaseResponse.swift in Sources */,
			);
			runOnlyForDeploymentPostprocessing = 0;
		};
/* End PBXSourcesBuildPhase section */

/* Begin XCBuildConfiguration section */
		1D48EF3B28B64FD900BD436A /* Debug */ = {
			isa = XCBuildConfiguration;
			buildSettings = {
				ALWAYS_SEARCH_USER_PATHS = NO;
				CLANG_ANALYZER_NONNULL = YES;
				CLANG_ANALYZER_NUMBER_OBJECT_CONVERSION = YES_AGGRESSIVE;
				CLANG_CXX_LANGUAGE_STANDARD = "gnu++17";
				CLANG_ENABLE_MODULES = YES;
				CLANG_ENABLE_OBJC_ARC = YES;
				CLANG_ENABLE_OBJC_WEAK = YES;
				CLANG_WARN_BLOCK_CAPTURE_AUTORELEASING = YES;
				CLANG_WARN_BOOL_CONVERSION = YES;
				CLANG_WARN_COMMA = YES;
				CLANG_WARN_CONSTANT_CONVERSION = YES;
				CLANG_WARN_DEPRECATED_OBJC_IMPLEMENTATIONS = YES;
				CLANG_WARN_DIRECT_OBJC_ISA_USAGE = YES_ERROR;
				CLANG_WARN_DOCUMENTATION_COMMENTS = YES;
				CLANG_WARN_EMPTY_BODY = YES;
				CLANG_WARN_ENUM_CONVERSION = YES;
				CLANG_WARN_INFINITE_RECURSION = YES;
				CLANG_WARN_INT_CONVERSION = YES;
				CLANG_WARN_NON_LITERAL_NULL_CONVERSION = YES;
				CLANG_WARN_OBJC_IMPLICIT_RETAIN_SELF = YES;
				CLANG_WARN_OBJC_LITERAL_CONVERSION = YES;
				CLANG_WARN_OBJC_ROOT_CLASS = YES_ERROR;
				CLANG_WARN_QUOTED_INCLUDE_IN_FRAMEWORK_HEADER = YES;
				CLANG_WARN_RANGE_LOOP_ANALYSIS = YES;
				CLANG_WARN_STRICT_PROTOTYPES = YES;
				CLANG_WARN_SUSPICIOUS_MOVE = YES;
				CLANG_WARN_UNGUARDED_AVAILABILITY = YES_AGGRESSIVE;
				CLANG_WARN_UNREACHABLE_CODE = YES;
				CLANG_WARN__DUPLICATE_METHOD_MATCH = YES;
				COPY_PHASE_STRIP = NO;
				DEBUG_INFORMATION_FORMAT = dwarf;
				ENABLE_STRICT_OBJC_MSGSEND = YES;
				ENABLE_TESTABILITY = YES;
				GCC_C_LANGUAGE_STANDARD = gnu11;
				GCC_DYNAMIC_NO_PIC = NO;
				GCC_NO_COMMON_BLOCKS = YES;
				GCC_OPTIMIZATION_LEVEL = 0;
				GCC_PREPROCESSOR_DEFINITIONS = (
					"DEBUG=1",
					"$(inherited)",
				);
				GCC_WARN_64_TO_32_BIT_CONVERSION = YES;
				GCC_WARN_ABOUT_RETURN_TYPE = YES_ERROR;
				GCC_WARN_UNDECLARED_SELECTOR = YES;
				GCC_WARN_UNINITIALIZED_AUTOS = YES_AGGRESSIVE;
				GCC_WARN_UNUSED_FUNCTION = YES;
				GCC_WARN_UNUSED_VARIABLE = YES;
				IPHONEOS_DEPLOYMENT_TARGET = 15.4;
				MTL_ENABLE_DEBUG_INFO = INCLUDE_SOURCE;
				MTL_FAST_MATH = YES;
				ONLY_ACTIVE_ARCH = YES;
				SDKROOT = iphoneos;
				SWIFT_ACTIVE_COMPILATION_CONDITIONS = DEBUG;
				SWIFT_OPTIMIZATION_LEVEL = "-Onone";
			};
			name = Debug;
		};
		1D48EF3C28B64FD900BD436A /* Release */ = {
			isa = XCBuildConfiguration;
			buildSettings = {
				ALWAYS_SEARCH_USER_PATHS = NO;
				CLANG_ANALYZER_NONNULL = YES;
				CLANG_ANALYZER_NUMBER_OBJECT_CONVERSION = YES_AGGRESSIVE;
				CLANG_CXX_LANGUAGE_STANDARD = "gnu++17";
				CLANG_ENABLE_MODULES = YES;
				CLANG_ENABLE_OBJC_ARC = YES;
				CLANG_ENABLE_OBJC_WEAK = YES;
				CLANG_WARN_BLOCK_CAPTURE_AUTORELEASING = YES;
				CLANG_WARN_BOOL_CONVERSION = YES;
				CLANG_WARN_COMMA = YES;
				CLANG_WARN_CONSTANT_CONVERSION = YES;
				CLANG_WARN_DEPRECATED_OBJC_IMPLEMENTATIONS = YES;
				CLANG_WARN_DIRECT_OBJC_ISA_USAGE = YES_ERROR;
				CLANG_WARN_DOCUMENTATION_COMMENTS = YES;
				CLANG_WARN_EMPTY_BODY = YES;
				CLANG_WARN_ENUM_CONVERSION = YES;
				CLANG_WARN_INFINITE_RECURSION = YES;
				CLANG_WARN_INT_CONVERSION = YES;
				CLANG_WARN_NON_LITERAL_NULL_CONVERSION = YES;
				CLANG_WARN_OBJC_IMPLICIT_RETAIN_SELF = YES;
				CLANG_WARN_OBJC_LITERAL_CONVERSION = YES;
				CLANG_WARN_OBJC_ROOT_CLASS = YES_ERROR;
				CLANG_WARN_QUOTED_INCLUDE_IN_FRAMEWORK_HEADER = YES;
				CLANG_WARN_RANGE_LOOP_ANALYSIS = YES;
				CLANG_WARN_STRICT_PROTOTYPES = YES;
				CLANG_WARN_SUSPICIOUS_MOVE = YES;
				CLANG_WARN_UNGUARDED_AVAILABILITY = YES_AGGRESSIVE;
				CLANG_WARN_UNREACHABLE_CODE = YES;
				CLANG_WARN__DUPLICATE_METHOD_MATCH = YES;
				COPY_PHASE_STRIP = NO;
				DEBUG_INFORMATION_FORMAT = "dwarf-with-dsym";
				ENABLE_NS_ASSERTIONS = NO;
				ENABLE_STRICT_OBJC_MSGSEND = YES;
				GCC_C_LANGUAGE_STANDARD = gnu11;
				GCC_NO_COMMON_BLOCKS = YES;
				GCC_WARN_64_TO_32_BIT_CONVERSION = YES;
				GCC_WARN_ABOUT_RETURN_TYPE = YES_ERROR;
				GCC_WARN_UNDECLARED_SELECTOR = YES;
				GCC_WARN_UNINITIALIZED_AUTOS = YES_AGGRESSIVE;
				GCC_WARN_UNUSED_FUNCTION = YES;
				GCC_WARN_UNUSED_VARIABLE = YES;
				IPHONEOS_DEPLOYMENT_TARGET = 15.4;
				MTL_ENABLE_DEBUG_INFO = NO;
				MTL_FAST_MATH = YES;
				SDKROOT = iphoneos;
				SWIFT_COMPILATION_MODE = wholemodule;
				SWIFT_OPTIMIZATION_LEVEL = "-O";
				VALIDATE_PRODUCT = YES;
			};
			name = Release;
		};
		1D48EF3E28B64FD900BD436A /* Debug */ = {
			isa = XCBuildConfiguration;
			buildSettings = {
				ASSETCATALOG_COMPILER_APPICON_NAME = AppIcon;
				ASSETCATALOG_COMPILER_GLOBAL_ACCENT_COLOR_NAME = AccentColor;
				CODE_SIGN_STYLE = Automatic;
				CURRENT_PROJECT_VERSION = 1;
				GENERATE_INFOPLIST_FILE = YES;
				INFOPLIST_FILE = RecipesAssignment/Info.plist;
				INFOPLIST_KEY_UIApplicationSupportsIndirectInputEvents = YES;
				INFOPLIST_KEY_UILaunchStoryboardName = SplashView;
				INFOPLIST_KEY_UISupportedInterfaceOrientations_iPad = "UIInterfaceOrientationPortrait UIInterfaceOrientationPortraitUpsideDown UIInterfaceOrientationLandscapeLeft UIInterfaceOrientationLandscapeRight";
				INFOPLIST_KEY_UISupportedInterfaceOrientations_iPhone = "UIInterfaceOrientationPortrait UIInterfaceOrientationLandscapeLeft UIInterfaceOrientationLandscapeRight";
				LD_RUNPATH_SEARCH_PATHS = (
					"$(inherited)",
					"@executable_path/Frameworks",
				);
				MARKETING_VERSION = 1.0;
				PRODUCT_BUNDLE_IDENTIFIER = com.test.RecipesAssignment;
				PRODUCT_NAME = "$(TARGET_NAME)";
				SWIFT_EMIT_LOC_STRINGS = YES;
				SWIFT_VERSION = 5.0;
				TARGETED_DEVICE_FAMILY = "1,2";
			};
			name = Debug;
		};
		1D48EF3F28B64FD900BD436A /* Release */ = {
			isa = XCBuildConfiguration;
			buildSettings = {
				ASSETCATALOG_COMPILER_APPICON_NAME = AppIcon;
				ASSETCATALOG_COMPILER_GLOBAL_ACCENT_COLOR_NAME = AccentColor;
				CODE_SIGN_STYLE = Automatic;
				CURRENT_PROJECT_VERSION = 1;
				GENERATE_INFOPLIST_FILE = YES;
				INFOPLIST_FILE = RecipesAssignment/Info.plist;
				INFOPLIST_KEY_UIApplicationSupportsIndirectInputEvents = YES;
				INFOPLIST_KEY_UILaunchStoryboardName = SplashView;
				INFOPLIST_KEY_UISupportedInterfaceOrientations_iPad = "UIInterfaceOrientationPortrait UIInterfaceOrientationPortraitUpsideDown UIInterfaceOrientationLandscapeLeft UIInterfaceOrientationLandscapeRight";
				INFOPLIST_KEY_UISupportedInterfaceOrientations_iPhone = "UIInterfaceOrientationPortrait UIInterfaceOrientationLandscapeLeft UIInterfaceOrientationLandscapeRight";
				LD_RUNPATH_SEARCH_PATHS = (
					"$(inherited)",
					"@executable_path/Frameworks",
				);
				MARKETING_VERSION = 1.0;
				PRODUCT_BUNDLE_IDENTIFIER = com.test.RecipesAssignment;
				PRODUCT_NAME = "$(TARGET_NAME)";
				SWIFT_EMIT_LOC_STRINGS = YES;
				SWIFT_VERSION = 5.0;
				TARGETED_DEVICE_FAMILY = "1,2";
			};
			name = Release;
		};
/* End XCBuildConfiguration section */

/* Begin XCConfigurationList section */
		1D48EF2428B64FD600BD436A /* Build configuration list for PBXProject "RecipesAssignment" */ = {
			isa = XCConfigurationList;
			buildConfigurations = (
				1D48EF3B28B64FD900BD436A /* Debug */,
				1D48EF3C28B64FD900BD436A /* Release */,
			);
			defaultConfigurationIsVisible = 0;
			defaultConfigurationName = Release;
		};
		1D48EF3D28B64FD900BD436A /* Build configuration list for PBXNativeTarget "RecipesAssignment" */ = {
			isa = XCConfigurationList;
			buildConfigurations = (
				1D48EF3E28B64FD900BD436A /* Debug */,
				1D48EF3F28B64FD900BD436A /* Release */,
			);
			defaultConfigurationIsVisible = 0;
			defaultConfigurationName = Release;
		};
/* End XCConfigurationList section */

/* Begin XCRemoteSwiftPackageReference section */
		1D1BD15928B79B0900AD9BC0 /* XCRemoteSwiftPackageReference "Kingfisher" */ = {
			isa = XCRemoteSwiftPackageReference;
			repositoryURL = "https://github.com/onevcat/Kingfisher.git";
			requirement = {
				branch = master;
				kind = branch;
			};
		};
		1D7E68E328B80632008A949E /* XCRemoteSwiftPackageReference "Alamofire" */ = {
			isa = XCRemoteSwiftPackageReference;
			repositoryURL = "https://github.com/Alamofire/Alamofire.git";
			requirement = {
				kind = upToNextMajorVersion;
				minimumVersion = 5.0.0;
			};
		};
		1DAEFC8228B6526D00FDF3F3 /* XCRemoteSwiftPackageReference "SnapKit" */ = {
			isa = XCRemoteSwiftPackageReference;
			repositoryURL = "https://github.com/SnapKit/SnapKit.git";
			requirement = {
				branch = develop;
				kind = branch;
			};
		};
		1DE8F5D328B67B9C00C8FBBE /* XCRemoteSwiftPackageReference "lottie-ios" */ = {
			isa = XCRemoteSwiftPackageReference;
			repositoryURL = "https://github.com/airbnb/lottie-ios.git";
			requirement = {
				branch = master;
				kind = branch;
			};
		};
/* End XCRemoteSwiftPackageReference section */

/* Begin XCSwiftPackageProductDependency section */
		1D1BD14D28B796CE00AD9BC0 /* SnapKit */ = {
			isa = XCSwiftPackageProductDependency;
			package = 1DAEFC8228B6526D00FDF3F3 /* XCRemoteSwiftPackageReference "SnapKit" */;
			productName = SnapKit;
		};
		1D1BD15A28B79B0900AD9BC0 /* Kingfisher */ = {
			isa = XCSwiftPackageProductDependency;
			package = 1D1BD15928B79B0900AD9BC0 /* XCRemoteSwiftPackageReference "Kingfisher" */;
			productName = Kingfisher;
		};
		1D7E68E428B80632008A949E /* Alamofire */ = {
			isa = XCSwiftPackageProductDependency;
			package = 1D7E68E328B80632008A949E /* XCRemoteSwiftPackageReference "Alamofire" */;
			productName = Alamofire;
		};
		1DE8F5D428B67B9C00C8FBBE /* Lottie */ = {
			isa = XCSwiftPackageProductDependency;
			package = 1DE8F5D328B67B9C00C8FBBE /* XCRemoteSwiftPackageReference "lottie-ios" */;
			productName = Lottie;
		};
/* End XCSwiftPackageProductDependency section */
	};
	rootObject = 1D48EF2128B64FD600BD436A /* Project object */;
}
